
Microsoft Visual Studio Solution File, Format Version 12.00
# Visual Studio Version 17
VisualStudioVersion = 17.5.002.0
MinimumVisualStudioVersion = 10.0.40219.1
Project("{9A19103F-16F7-4668-BE54-9A1E7A4F7556}") = "src", "src\src.csproj", "{5144D399-067F-4BEF-8785-76D28B73B80F}"
EndProject
Project("{2150E333-8FDC-42A3-9474-1A3956D46DE8}") = "src (1)", "src", "{CAB0EA72-7ED0-4351-832A-77188E6C106A}"
EndProject
Project("{2150E333-8FDC-42A3-9474-1A3956D46DE8}") = "obj", "obj", "{2CF44055-C1D4-4840-A2F5-714F38541A24}"
EndProject
Project("{2150E333-8FDC-42A3-9474-1A3956D46DE8}") = "Debug", "Debug", "{F7DB1A90-E130-4107-9C07-294C93B55E31}"
EndProject
Project("{2150E333-8FDC-42A3-9474-1A3956D46DE8}") = "net8.0", "net8.0", "{0D291DC8-6849-4566-BCFD-D85002F7EC28}"
EndProject
Project("{9A19103F-16F7-4668-BE54-9A1E7A4F7556}") = "WorkerExtensions", "src\obj\Debug\net8.0\WorkerExtensions\WorkerExtensions.csproj", "{AAEF6CD7-B52C-402E-96F7-48FD3D1CE4FF}"
EndProject
Project("{2150E333-8FDC-42A3-9474-1A3956D46DE8}") = "Release", "Release", "{3C178D14-9FDF-4E4D-81EC-32E86E617C4A}"
EndProject
Project("{2150E333-8FDC-42A3-9474-1A3956D46DE8}") = "net8.0", "net8.0", "{2572DFEC-C567-42F1-AC98-448C39FD8266}"
EndProject
Project("{9A19103F-16F7-4668-BE54-9A1E7A4F7556}") = "WorkerExtensions", "src\obj\Release\net8.0\WorkerExtensions\WorkerExtensions.csproj", "{9FF6F1D4-95C7-48C6-86F6-68CDA9C6FCD4}"
EndProject
Global
	GlobalSection(SolutionConfigurationPlatforms) = preSolution
		Debug|Any CPU = Debug|Any CPU
		Release|Any CPU = Release|Any CPU
	EndGlobalSection
	GlobalSection(ProjectConfigurationPlatforms) = postSolution
		{5144D399-067F-4BEF-8785-76D28B73B80F}.Debug|Any CPU.ActiveCfg = Debug|Any CPU
		{5144D399-067F-4BEF-8785-76D28B73B80F}.Debug|Any CPU.Build.0 = Debug|Any CPU
		{5144D399-067F-4BEF-8785-76D28B73B80F}.Release|Any CPU.ActiveCfg = Release|Any CPU
		{5144D399-067F-4BEF-8785-76D28B73B80F}.Release|Any CPU.Build.0 = Release|Any CPU
		{AAEF6CD7-B52C-402E-96F7-48FD3D1CE4FF}.Debug|Any CPU.ActiveCfg = Debug|Any CPU
		{AAEF6CD7-B52C-402E-96F7-48FD3D1CE4FF}.Debug|Any CPU.Build.0 = Debug|Any CPU
		{AAEF6CD7-B52C-402E-96F7-48FD3D1CE4FF}.Release|Any CPU.ActiveCfg = Release|Any CPU
		{AAEF6CD7-B52C-402E-96F7-48FD3D1CE4FF}.Release|Any CPU.Build.0 = Release|Any CPU
		{9FF6F1D4-95C7-48C6-86F6-68CDA9C6FCD4}.Debug|Any CPU.ActiveCfg = Debug|Any CPU
		{9FF6F1D4-95C7-48C6-86F6-68CDA9C6FCD4}.Debug|Any CPU.Build.0 = Debug|Any CPU
		{9FF6F1D4-95C7-48C6-86F6-68CDA9C6FCD4}.Release|Any CPU.ActiveCfg = Release|Any CPU
		{9FF6F1D4-95C7-48C6-86F6-68CDA9C6FCD4}.Release|Any CPU.Build.0 = Release|Any CPU
	EndGlobalSection
	GlobalSection(SolutionProperties) = preSolution
		HideSolutionNode = FALSE
	EndGlobalSection
	GlobalSection(NestedProjects) = preSolution
		{2CF44055-C1D4-4840-A2F5-714F38541A24} = {CAB0EA72-7ED0-4351-832A-77188E6C106A}
		{F7DB1A90-E130-4107-9C07-294C93B55E31} = {2CF44055-C1D4-4840-A2F5-714F38541A24}
		{0D291DC8-6849-4566-BCFD-D85002F7EC28} = {F7DB1A90-E130-4107-9C07-294C93B55E31}
		{AAEF6CD7-B52C-402E-96F7-48FD3D1CE4FF} = {0D291DC8-6849-4566-BCFD-D85002F7EC28}
		{3C178D14-9FDF-4E4D-81EC-32E86E617C4A} = {2CF44055-C1D4-4840-A2F5-714F38541A24}
		{2572DFEC-C567-42F1-AC98-448C39FD8266} = {3C178D14-9FDF-4E4D-81EC-32E86E617C4A}
		{9FF6F1D4-95C7-48C6-86F6-68CDA9C6FCD4} = {2572DFEC-C567-42F1-AC98-448C39FD8266}
	EndGlobalSection
	GlobalSection(ExtensibilityGlobals) = postSolution
		SolutionGuid = {1066B8B7-0501-40B5-9434-EA81085F136F}
	EndGlobalSection
EndGlobal
